
Microsoft Visual Studio Solution File, Format Version 12.00
# Visual Studio Express 2012 for Windows Desktop
Project("{FAE04EC0-301F-11D3-BF4B-00C04F79EFBC}") = "16.6", "16.6\16.6.csproj", "{A9916B7F-B410-47C2-AC2C-0CBACA7B06DA}"
EndProject
Global
	GlobalSection(SolutionConfigurationPlatforms) = preSolution
		Debug|Any CPU = Debug|Any CPU
		Release|Any CPU = Release|Any CPU
	EndGlobalSection
	GlobalSection(ProjectConfigurationPlatforms) = postSolution
		{A9916B7F-B410-47C2-AC2C-0CBACA7B06DA}.Debug|Any CPU.ActiveCfg = Debug|Any CPU
		{A9916B7F-B410-47C2-AC2C-0CBACA7B06DA}.Debug|Any CPU.Build.0 = Debug|Any CPU
		{A9916B7F-B410-47C2-AC2C-0CBACA7B06DA}.Release|Any CPU.ActiveCfg = Release|Any CPU
		{A9916B7F-B410-47C2-AC2C-0CBACA7B06DA}.Release|Any CPU.Build.0 = Release|Any CPU
	EndGlobalSection
	GlobalSection(SolutionProperties) = preSolution
		HideSolutionNode = FALSE
	EndGlobalSection
EndGlobal
